github.com/davecgh/go-spew v1.1.0/go.mod h1:J7Y8YcW2NihsgmVo/mv3lAwl/skON4iLHjSsI+c5H38=
github.com/davecgh/go-spew v1.1.1 h1:vj9j/u1bqnvCEfJOwUhtlOARqs3+rkHYY13jYWTU97c=
github.com/davecgh/go-spew v1.1.1/go.mod h1:J7Y8YcW2NihsgmVo/mv3lAwl/skON4iLHjSsI+c5H38=
github.com/lestrrat-go/jspointer v0.0.0-20181205001929-82fadba7561c h1:pGh5EFIfczeDHwgMHgfwjhZzL+8/E3uZF6T7vER/W8c=
github.com/lestrrat-go/jspointer v0.0.0-20181205001929-82fadba7561c/go.mod h1:xw2Gm4Mg+ST9s8fHR1VkUIyOJMJnSloRZlPQB+wyVpY=
github.com/lestrrat-go/jsref v0.0.0-20181205001954-1b590508f37d h1:1eeFdKL5ySmmYevvKv7iECIc4dTATeKTtBqP4/nXxDk=
github.com/lestrrat-go/jsref v0.0.0-20181205001954-1b590508f37d/go.mod h1:h+r25adx46+IvUSt/rTTvXNnCDnu3lRTkMPPR/GdCwk=
github.com/lestrrat-go/jsschema v0.0.0-20181205002244-5c81c58ffcc3 h1:TSKrrGm89gmmVlrG34ZzCIOMNVk5kkSV1P88Dt38DiE=
github.com/lestrrat-go/jsschema v0.0.0-20181205002244-5c81c58ffcc3/go.mod h1:SVfIykmWQyFuRToBTKQ8AcveWeOunS2phYxA8hJ/6Gg=
github.com/lestrrat-go/jsval v0.0.0-20181205002323-20277e9befc0 h1:w4rIjeCV/gQpxtn3i1voyF6Hd7v1mRGIB63F7RZOk1U=
github.com/lestrrat-go/jsval v0.0.0-20181205002323-20277e9befc0/go.mod h1:hazjwMAn+trtmUnjvhIzSIZ0YS+2egAMonQMjDhcC2s=
github.com/lestrrat-go/pdebug v0.0.0-20200204225717-4d6bd78da58d h1:aEZT3f1GGg5RIlHMAy4/4fe4ciOi3SCwYoaURphcB4k=
github.com/lestrrat-go/pdebug v0.0.0-20200204225717-4d6bd78da58d/go.mod h1:B06CSso/AWxiPejj+fheUINGeBKeeEZNt8w+EoU7+L8=
github.com/lestrrat-go/structinfo v0.0.0-20210312050401-7f8bd69d6acb h1:DDg5u5lk2v8O8qxs8ecQkMUBj3tLW6wkSLzxxOyi1Ig=
github.com/lestrrat-go/structinfo v0.0.0-20210312050401-7f8bd69d6acb/go.mod h1:i+E8Uf04vf2QjOWyJdGY75vmG+4rxiZW2kIj1lTB5mo=
github.com/pkg/errors v0.9.1 h1:FEBLx1zS214owpjy7qsBeixbURkuhQAwrK5UwLGTwt4=
github.com/pkg/errors v0.9.1/go.mod h1:bwawxfHBFNV+L2hUp1rHADufV3IMtnDRdf1r5NINEl0=
github.com/pmezard/go-difflib v1.0.0 h1:4DBwDE0NGyQoBHbLQYPwSUPoCMWR5BEzIk/f1lZbAQM=
github.com/pmezard/go-difflib v1.0.0/go.mod h1:iKH77koFhYxTK1pcRnkKkqfTogsbg7gZNVY4sRDYZ/4=
github.com/stretchr/objx v0.1.0/go.mod h1:HFkY916IF+rwdDfMAkV7OtwuqBVzrE8GR6GFx+wExME=
github.com/stretchr/objx v0.4.0/go.mod h1:YvHI0jy2hoMjB+UWwv71VJQ9isScKT/TqJzVSSt89Yw=
github.com/stretchr/objx v0.5.0/go.mod h1:Yh+to48EsGEfYuaHDzXPcE3xhTkx73EhmCGUpEOglKo=
github.com/stretchr/testify v1.3.0/go.mod h1:M5WIy9Dh21IEIfnGCwXGc5bZfKNJtfHm1UVUgZn+9EI=
github.com/stretchr/testify v1.4.0/go.mod h1:j7eGeouHqKxXV5pUuKE4zz7dFj8WfuZ+81PSLYec5m4=
github.com/stretchr/testify v1.7.0/go.mod h1:6Fq8oRcR53rry900zMqJjRRixrwX3KX962/h/Wwjteg=
github.com/stretchr/testify v1.7.1/go.mod h1:6Fq8oRcR53rry900zMqJjRRixrwX3KX962/h/Wwjteg=
github.com/stretchr/testify v1.8.0/go.mod h1:yNjHg4UonilssWZ8iaSj1OCr/vHnekPRkoO+kdMU+MU=
github.com/stretchr/testify v1.8.2 h1:+h33VjcLVPDHtOdpUCuF+7gSuG3yGIftsP1YvFihtJ8=
github.com/stretchr/testify v1.8.2/go.mod h1:w2LPCIKwWwSfY2zedu0+kehJoqGctiVI29o6fzry7u4=
github.com/xeipuuv/gojsonpointer v0.0.0-20180127040702-4e3ac2762d5f h1:J9EGpcZtP0E/raorCMxlFGSTBrsSlaDGf3jU/qvAE2c=
github.com/xeipuuv/gojsonpointer v0.0.0-20180127040702-4e3ac2762d5f/go.mod h1:N2zxlSyiKSe5eX1tZViRH5QA0qijqEDrYZiPEAiq3wU=
github.com/xeipuuv/gojsonreference v0.0.0-20180127040603-bd5ef7bd5415 h1:EzJWgHovont7NscjpAxXsDA8S8BMYve8Y5+7cuRE7R0=
github.com/xeipuuv/gojsonreference v0.0.0-20180127040603-bd5ef7bd5415/go.mod h1:GwrjFmJcFw6At/Gs6z4yjiIwzuJ1/+UwLxMQDVQXShQ=
github.com/xeipuuv/gojsonschema v1.2.0 h1:LhYJRs+L4fBtjZUfuSZIKGeVu0QRy8e5Xi7D17UxZ74=
github.com/xeipuuv/gojsonschema v1.2.0/go.mod h1:anYRn/JVcOK2ZgGU+IjEV4nwlhoK5sQluxsYJ78Id3Y=
gopkg.in/check.v1 v0.0.0-20161208181325-20d25e280405 h1:yhCVgyC4o1eVCa2tZl7eS0r+SDo693bJlVdllGtEeKM=
gopkg.in/check.v1 v0.0.0-20161208181325-20d25e280405/go.mod h1:Co6ibVJAznAaIkqp8huTwlJQCZ016jof/cbN4VW5Yz0=
gopkg.in/yaml.v2 v2.2.2/go.mod h1:hI93XBmqTisBFMUTm0b8Fm+jr3Dg1NNxqwp+5A1VGuI=
gopkg.in/yaml.v3 v3.0.0-20200313102051-9f266ea9e77c/go.mod h1:K4uyk7z7BCEPqu6E+C64Yfv1cQ7kz7rIZviUmN+EgEM=
gopkg.in/yaml.v3 v3.0.1 h1:fxVm/GzAzEWqLHuvctI91KS9hhNmmWOoWu0XTYJS7CA=
gopkg.in/yaml.v3 v3.0.1/go.mod h1:K4uyk7z7BCEPqu6E+C64Yfv1cQ7kz7rIZviUmN+EgEM=
